
Microsoft Visual Studio Solution File, Format Version 12.00
# Visual Studio Version 17
VisualStudioVersion = 17.14.36930.0
MinimumVisualStudioVersion = 10.0.40219.1
Project("{FAE04EC0-301F-11D3-BF4B-00C04F79EFBC}") = "SoftOne", "SoftOne\SoftOne.csproj", "{EBF9F5FE-3F05-413B-AF6C-5D36F5AC7448}"
EndProject
Project("{FAE04EC0-301F-11D3-BF4B-00C04F79EFBC}") = "SoftOne.Tests", "SoftOne.Tests\SoftOne.Tests.csproj", "{D9A8219C-9ADA-4FEA-BC62-6C3E86A17DAA}"
EndProject
Global
	GlobalSection(SolutionConfigurationPlatforms) = preSolution
		Debug|Any CPU = Debug|Any CPU
		Debug|x64 = Debug|x64
		Debug|x86 = Debug|x86
		Release|Any CPU = Release|Any CPU
		Release|x64 = Release|x64
		Release|x86 = Release|x86
	EndGlobalSection
	GlobalSection(ProjectConfigurationPlatforms) = postSolution
		{EBF9F5FE-3F05-413B-AF6C-5D36F5AC7448}.Debug|Any CPU.ActiveCfg = Debug|Any CPU
		{EBF9F5FE-3F05-413B-AF6C-5D36F5AC7448}.Debug|Any CPU.Build.0 = Debug|Any CPU
		{EBF9F5FE-3F05-413B-AF6C-5D36F5AC7448}.Debug|x64.ActiveCfg = Debug|Any CPU
		{EBF9F5FE-3F05-413B-AF6C-5D36F5AC7448}.Debug|x64.Build.0 = Debug|Any CPU
		{EBF9F5FE-3F05-413B-AF6C-5D36F5AC7448}.Debug|x86.ActiveCfg = Debug|Any CPU
		{EBF9F5FE-3F05-413B-AF6C-5D36F5AC7448}.Debug|x86.Build.0 = Debug|Any CPU
		{EBF9F5FE-3F05-413B-AF6C-5D36F5AC7448}.Release|Any CPU.ActiveCfg = Release|Any CPU
		{EBF9F5FE-3F05-413B-AF6C-5D36F5AC7448}.Release|Any CPU.Build.0 = Release|Any CPU
		{EBF9F5FE-3F05-413B-AF6C-5D36F5AC7448}.Release|x64.ActiveCfg = Release|Any CPU
		{EBF9F5FE-3F05-413B-AF6C-5D36F5AC7448}.Release|x64.Build.0 = Release|Any CPU
		{EBF9F5FE-3F05-413B-AF6C-5D36F5AC7448}.Release|x86.ActiveCfg = Release|Any CPU
		{EBF9F5FE-3F05-413B-AF6C-5D36F5AC7448}.Release|x86.Build.0 = Release|Any CPU
		{D9A8219C-9ADA-4FEA-BC62-6C3E86A17DAA}.Debug|Any CPU.ActiveCfg = Debug|Any CPU
		{D9A8219C-9ADA-4FEA-BC62-6C3E86A17DAA}.Debug|Any CPU.Build.0 = Debug|Any CPU
		{D9A8219C-9ADA-4FEA-BC62-6C3E86A17DAA}.Debug|x64.ActiveCfg = Debug|Any CPU
		{D9A8219C-9ADA-4FEA-BC62-6C3E86A17DAA}.Debug|x64.Build.0 = Debug|Any CPU
		{D9A8219C-9ADA-4FEA-BC62-6C3E86A17DAA}.Debug|x86.ActiveCfg = Debug|Any CPU
		{D9A8219C-9ADA-4FEA-BC62-6C3E86A17DAA}.Debug|x86.Build.0 = Debug|Any CPU
		{D9A8219C-9ADA-4FEA-BC62-6C3E86A17DAA}.Release|Any CPU.ActiveCfg = Release|Any CPU
		{D9A8219C-9ADA-4FEA-BC62-6C3E86A17DAA}.Release|Any CPU.Build.0 = Release|Any CPU
		{D9A8219C-9ADA-4FEA-BC62-6C3E86A17DAA}.Release|x64.ActiveCfg = Release|Any CPU
		{D9A8219C-9ADA-4FEA-BC62-6C3E86A17DAA}.Release|x64.Build.0 = Release|Any CPU
		{D9A8219C-9ADA-4FEA-BC62-6C3E86A17DAA}.Release|x86.ActiveCfg = Release|Any CPU
		{D9A8219C-9ADA-4FEA-BC62-6C3E86A17DAA}.Release|x86.Build.0 = Release|Any CPU
	EndGlobalSection
	GlobalSection(SolutionProperties) = preSolution
		HideSolutionNode = FALSE
	EndGlobalSection
	GlobalSection(ExtensibilityGlobals) = postSolution
		SolutionGuid = {40050448-ACF8-4D2B-BEE5-7A8766FB70A6}
	EndGlobalSection
EndGlobal
